// !$*UTF8*$!
{
	archiveVersion = 1;
	classes = {
	};
	objectVersion = 46;
	objects = {

/* Begin PBXBuildFile section */
		1A6332A21D66F454007389FC /* AppDelegate.swift in Sources */ = {isa = PBXBuildFile; fileRef = 1A6332A11D66F454007389FC /* AppDelegate.swift */; };
		1A6332A71D66F454007389FC /* Main.storyboard in Resources */ = {isa = PBXBuildFile; fileRef = 1A6332A51D66F454007389FC /* Main.storyboard */; };
		1A6332A91D66F454007389FC /* Assets.xcassets in Resources */ = {isa = PBXBuildFile; fileRef = 1A6332A81D66F454007389FC /* Assets.xcassets */; };
		1A6332AC1D66F454007389FC /* LaunchScreen.storyboard in Resources */ = {isa = PBXBuildFile; fileRef = 1A6332AA1D66F454007389FC /* LaunchScreen.storyboard */; };
		1A6332BA1D66F4E1007389FC /* GeoFenceItem.swift in Sources */ = {isa = PBXBuildFile; fileRef = 1A6332B41D66F4E1007389FC /* GeoFenceItem.swift */; };
		1A6332BB1D66F4E1007389FC /* GeoFenceManager.swift in Sources */ = {isa = PBXBuildFile; fileRef = 1A6332B51D66F4E1007389FC /* GeoFenceManager.swift */; };
		1A6332BC1D66F4E1007389FC /* Utilities.swift in Sources */ = {isa = PBXBuildFile; fileRef = 1A6332B61D66F4E1007389FC /* Utilities.swift */; };
		1A6332BD1D66F4E1007389FC /* AddViewController.swift in Sources */ = {isa = PBXBuildFile; fileRef = 1A6332B81D66F4E1007389FC /* AddViewController.swift */; };
		1A6332BE1D66F4E1007389FC /* MapViewController.swift in Sources */ = {isa = PBXBuildFile; fileRef = 1A6332B91D66F4E1007389FC /* MapViewController.swift */; };
/* End PBXBuildFile section */

/* Begin PBXFileReference section */
		1A63329E1D66F454007389FC /* GeoFenceDemo.app */ = {isa = PBXFileReference; explicitFileType = wrapper.application; includeInIndex = 0; path = GeoFenceDemo.app; sourceTree = BUILT_PRODUCTS_DIR; };
		1A6332A11D66F454007389FC /* AppDelegate.swift */ = {isa = PBXFileReference; lastKnownFileType = sourcecode.swift; path = AppDelegate.swift; sourceTree = "<group>"; };
		1A6332A61D66F454007389FC /* Base */ = {isa = PBXFileReference; lastKnownFileType = file.storyboard; name = Base; path = Base.lproj/Main.storyboard; sourceTree = "<group>"; };
		1A6332A81D66F454007389FC /* Assets.xcassets */ = {isa = PBXFileReference; lastKnownFileType = folder.assetcatalog; path = Assets.xcassets; sourceTree = "<group>"; };
		1A6332AB1D66F454007389FC /* Base */ = {isa = PBXFileReference; lastKnownFileType = file.storyboard; name = Base; path = Base.lproj/LaunchScreen.storyboard; sourceTree = "<group>"; };
		1A6332AD1D66F454007389FC /* Info.plist */ = {isa = PBXFileReference; lastKnownFileType = text.plist.xml; path = Info.plist; sourceTree = "<group>"; };
		1A6332B41D66F4E1007389FC /* GeoFenceItem.swift */ = {isa = PBXFileReference; fileEncoding = 4; lastKnownFileType = sourcecode.swift; path = GeoFenceItem.swift; sourceTree = "<group>"; };
		1A6332B51D66F4E1007389FC /* GeoFenceManager.swift */ = {isa = PBXFileReference; fileEncoding = 4; lastKnownFileType = sourcecode.swift; path = GeoFenceManager.swift; sourceTree = "<group>"; };
		1A6332B61D66F4E1007389FC /* Utilities.swift */ = {isa = PBXFileReference; fileEncoding = 4; lastKnownFileType = sourcecode.swift; path = Utilities.swift; sourceTree = "<group>"; };
		1A6332B81D66F4E1007389FC /* AddViewController.swift */ = {isa = PBXFileReference; fileEncoding = 4; lastKnownFileType = sourcecode.swift; path = AddViewController.swift; sourceTree = "<group>"; };
		1A6332B91D66F4E1007389FC /* MapViewController.swift */ = {isa = PBXFileReference; fileEncoding = 4; lastKnownFileType = sourcecode.swift; path = MapViewController.swift; sourceTree = "<group>"; };
/* End PBXFileReference section */

/* Begin PBXFrameworksBuildPhase section */
		1A63329B1D66F454007389FC /* Frameworks */ = {
			isa = PBXFrameworksBuildPhase;
			buildActionMask = 2147483647;
			files = (
			);
			runOnlyForDeploymentPostprocessing = 0;
		};
/* End PBXFrameworksBuildPhase section */

/* Begin PBXGroup section */
		1A6332951D66F454007389FC = {
			isa = PBXGroup;
			children = (
				1A6332A01D66F454007389FC /* GeoFenceDemo */,
				1A63329F1D66F454007389FC /* Products */,
			);
			sourceTree = "<group>";
		};
		1A63329F1D66F454007389FC /* Products */ = {
			isa = PBXGroup;
			children = (
				1A63329E1D66F454007389FC /* GeoFenceDemo.app */,
			);
			name = Products;
			sourceTree = "<group>";
		};
		1A6332A01D66F454007389FC /* GeoFenceDemo */ = {
			isa = PBXGroup;
			children = (
				1A6332B31D66F4E1007389FC /* Models */,
				1A6332B71D66F4E1007389FC /* Views */,
				1A6332A11D66F454007389FC /* AppDelegate.swift */,
				1A6332A51D66F454007389FC /* Main.storyboard */,
				1A6332A81D66F454007389FC /* Assets.xcassets */,
				1A6332AA1D66F454007389FC /* LaunchScreen.storyboard */,
				1A6332AD1D66F454007389FC /* Info.plist */,
			);
			path = GeoFenceDemo;
			sourceTree = "<group>";
		};
		1A6332B31D66F4E1007389FC /* Models */ = {
			isa = PBXGroup;
			children = (
				1A6332B51D66F4E1007389FC /* GeoFenceManager.swift */,
				1A6332B41D66F4E1007389FC /* GeoFenceItem.swift */,
				1A6332B61D66F4E1007389FC /* Utilities.swift */,
			);
			path = Models;
			sourceTree = "<group>";
		};
		1A6332B71D66F4E1007389FC /* Views */ = {
			isa = PBXGroup;
			children = (
				1A6332B81D66F4E1007389FC /* AddViewController.swift */,
				1A6332B91D66F4E1007389FC /* MapViewController.swift */,
			);
			path = Views;
			sourceTree = "<group>";
		};
/* End PBXGroup section */

/* Begin PBXNativeTarget section */
		1A63329D1D66F454007389FC /* GeoFenceDemo */ = {
			isa = PBXNativeTarget;
			buildConfigurationList = 1A6332B01D66F454007389FC /* Build configuration list for PBXNativeTarget "GeoFenceDemo" */;
			buildPhases = (
				1A63329A1D66F454007389FC /* Sources */,
				1A63329B1D66F454007389FC /* Frameworks */,
				1A63329C1D66F454007389FC /* Resources */,
			);
			buildRules = (
			);
			dependencies = (
			);
			name = GeoFenceDemo;
			productName = GeoFenceDemo;
			productReference = 1A63329E1D66F454007389FC /* GeoFenceDemo.app */;
			productType = "com.apple.product-type.application";
		};
/* End PBXNativeTarget section */

/* Begin PBXProject section */
		1A6332961D66F454007389FC /* Project object */ = {
			isa = PBXProject;
			attributes = {
				LastSwiftUpdateCheck = 0730;
				LastUpgradeCheck = 0730;
				ORGANIZATIONNAME = "Satoshi Hattori";
				TargetAttributes = {
					1A63329D1D66F454007389FC = {
						CreatedOnToolsVersion = 7.3.1;
					};
				};
			};
			buildConfigurationList = 1A6332991D66F454007389FC /* Build configuration list for PBXProject "GeoFenceDemo" */;
			compatibilityVersion = "Xcode 3.2";
			developmentRegion = English;
			hasScannedForEncodings = 0;
			knownRegions = (
				en,
				Base,
			);
			mainGroup = 1A6332951D66F454007389FC;
			productRefGroup = 1A63329F1D66F454007389FC /* Products */;
			projectDirPath = "";
			projectRoot = "";
			targets = (
				1A63329D1D66F454007389FC /* GeoFenceDemo */,
			);
		};
/* End PBXProject section */

/* Begin PBXResourcesBuildPhase section */
		1A63329C1D66F454007389FC /* Resources */ = {
			isa = PBXResourcesBuildPhase;
			buildActionMask = 2147483647;
			files = (
				1A6332AC1D66F454007389FC /* LaunchScreen.storyboard in Resources */,
				1A6332A91D66F454007389FC /* Assets.xcassets in Resources */,
				1A6332A71D66F454007389FC /* Main.storyboard in Resources */,
			);
			runOnlyForDeploymentPostprocessing = 0;
		};
/* End PBXResourcesBuildPhase section */

/* Begin PBXSourcesBuildPhase section */
		1A63329A1D66F454007389FC /* Sources */ = {
			isa = PBXSourcesBuildPhase;
			buildActionMask = 2147483647;
			files = (
				1A6332BA1D66F4E1007389FC /* GeoFenceItem.swift in Sources */,
				1A6332BD1D66F4E1007389FC /* AddViewController.swift in Sources */,
				1A6332A21D66F454007389FC /* AppDelegate.swift in Sources */,
				1A6332BC1D66F4E1007389FC /* Utilities.swift in Sources */,
				1A6332BB1D66F4E1007389FC /* GeoFenceManager.swift in Sources */,
				1A6332BE1D66F4E1007389FC /* MapViewController.swift in Sources */,
			);
			runOnlyForDeploymentPostprocessing = 0;
		};
/* End PBXSourcesBuildPhase section */

/* Begin PBXVariantGroup section */
		1A6332A51D66F454007389FC /* Main.storyboard */ = {
			isa = PBXVariantGroup;
			children = (
				1A6332A61D66F454007389FC /* Base */,
			);
			name = Main.storyboard;
			sourceTree = "<group>";
		};
		1A6332AA1D66F454007389FC /* LaunchScreen.storyboard */ = {
			isa = PBXVariantGroup;
			children = (
				1A6332AB1D66F454007389FC /* Base */,
			);
			name = LaunchScreen.storyboard;
			sourceTree = "<group>";
		};
/* End PBXVariantGroup section */

/* Begin XCBuildConfiguration section */
		1A6332AE1D66F454007389FC /* Debug */ = {
			isa = XCBuildConfiguration;
			buildSettings = {
				ALWAYS_SEARCH_USER_PATHS = NO;
				CLANG_ANALYZER_NONNULL = YES;
				CLANG_CXX_LANGUAGE_STANDARD = "gnu++0x";
				CLANG_CXX_LIBRARY = "libc++";
				CLANG_ENABLE_MODULES = YES;
				CLANG_ENABLE_OBJC_ARC = YES;
				CLANG_WARN_BOOL_CONVERSION = YES;
				CLANG_WARN_CONSTANT_CONVERSION = YES;
				CLANG_WARN_DIRECT_OBJC_ISA_USAGE = YES_ERROR;
				CLANG_WARN_EMPTY_BODY = YES;
				CLANG_WARN_ENUM_CONVERSION = YES;
				CLANG_WARN_INT_CONVERSION = YES;
				CLANG_WARN_OBJC_ROOT_CLASS = YES_ERROR;
				CLANG_WARN_UNREACHABLE_CODE = YES;
				CLANG_WARN__DUPLICATE_METHOD_MATCH = YES;
				"CODE_SIGN_IDENTITY[sdk=iphoneos*]" = "iPhone Developer";
				COPY_PHASE_STRIP = NO;
				DEBUG_INFORMATION_FORMAT = dwarf;
				ENABLE_STRICT_OBJC_MSGSEND = YES;
				ENABLE_TESTABILITY = YES;
				GCC_C_LANGUAGE_STANDARD = gnu99;
				GCC_DYNAMIC_NO_PIC = NO;
				GCC_NO_COMMON_BLOCKS = YES;
				GCC_OPTIMIZATION_LEVEL = 0;
				GCC_PREPROCESSOR_DEFINITIONS = (
					"DEBUG=1",
					"$(inherited)",
				);
				GCC_WARN_64_TO_32_BIT_CONVERSION = YES;
				GCC_WARN_ABOUT_RETURN_TYPE = YES_ERROR;
				GCC_WARN_UNDECLARED_SELECTOR = YES;
				GCC_WARN_UNINITIALIZED_AUTOS = YES_AGGRESSIVE;
				GCC_WARN_UNUSED_FUNCTION = YES;
				GCC_WARN_UNUSED_VARIABLE = YES;
				IPHONEOS_DEPLOYMENT_TARGET = 9.3;
				MTL_ENABLE_DEBUG_INFO = YES;
				ONLY_ACTIVE_ARCH = YES;
				SDKROOT = iphoneos;
				SWIFT_OPTIMIZATION_LEVEL = "-Onone";
			};
			name = Debug;
		};
		1A6332AF1D66F454007389FC /* Release */ = {
			isa = XCBuildConfiguration;
			buildSettings = {
				ALWAYS_SEARCH_USER_PATHS = NO;
				CLANG_ANALYZER_NONNULL = YES;
				CLANG_CXX_LANGUAGE_STANDARD = "gnu++0x";
				CLANG_CXX_LIBRARY = "libc++";
				CLANG_ENABLE_MODULES = YES;
				CLANG_ENABLE_OBJC_ARC = YES;
				CLANG_WARN_BOOL_CONVERSION = YES;
				CLANG_WARN_CONSTANT_CONVERSION = YES;
				CLANG_WARN_DIRECT_OBJC_ISA_USAGE = YES_ERROR;
				CLANG_WARN_EMPTY_BODY = YES;
				CLANG_WARN_ENUM_CONVERSION = YES;
				CLANG_WARN_INT_CONVERSION = YES;
				CLANG_WARN_OBJC_ROOT_CLASS = YES_ERROR;
				CLANG_WARN_UNREACHABLE_CODE = YES;
				CLANG_WARN__DUPLICATE_METHOD_MATCH = YES;
				"CODE_SIGN_IDENTITY[sdk=iphoneos*]" = "iPhone Developer";
				COPY_PHASE_STRIP = NO;
				DEBUG_INFORMATION_FORMAT = "dwarf-with-dsym";
				ENABLE_NS_ASSERTIONS = NO;
				ENABLE_STRICT_OBJC_MSGSEND = YES;
				GCC_C_LANGUAGE_STANDARD = gnu99;
				GCC_NO_COMMON_BLOCKS = YES;
				GCC_WARN_64_TO_32_BIT_CONVERSION = YES;
				GCC_WARN_ABOUT_RETURN_TYPE = YES_ERROR;
				GCC_WARN_UNDECLARED_SELECTOR = YES;
				GCC_WARN_UNINITIALIZED_AUTOS = YES_AGGRESSIVE;
				GCC_WARN_UNUSED_FUNCTION = YES;
				GCC_WARN_UNUSED_VARIABLE = YES;
				IPHONEOS_DEPLOYMENT_TARGET = 9.3;
				MTL_ENABLE_DEBUG_INFO = NO;
				SDKROOT = iphoneos;
				VALIDATE_PRODUCT = YES;
			};
			name = Release;
		};
		1A6332B11D66F454007389FC /* Debug */ = {
			isa = XCBuildConfiguration;
			buildSettings = {
				ASSETCATALOG_COMPILER_APPICON_NAME = AppIcon;
				INFOPLIST_FILE = GeoFenceDemo/Info.plist;
				IPHONEOS_DEPLOYMENT_TARGET = 9.0;
				LD_RUNPATH_SEARCH_PATHS = "$(inherited) @executable_path/Frameworks";
				PRODUCT_BUNDLE_IDENTIFIER = shmdevelopment.GeoFenceDemo;
				PRODUCT_NAME = "$(TARGET_NAME)";
			};
			name = Debug;
		};
		1A6332B21D66F454007389FC /* Release */ = {
			isa = XCBuildConfiguration;
			buildSettings = {
				ASSETCATALOG_COMPILER_APPICON_NAME = AppIcon;
				INFOPLIST_FILE = GeoFenceDemo/Info.plist;
				IPHONEOS_DEPLOYMENT_TARGET = 9.0;
				LD_RUNPATH_SEARCH_PATHS = "$(inherited) @executable_path/Frameworks";
				PRODUCT_BUNDLE_IDENTIFIER = shmdevelopment.GeoFenceDemo;
				PRODUCT_NAME = "$(TARGET_NAME)";
			};
			name = Release;
		};
/* End XCBuildConfiguration section */

/* Begin XCConfigurationList section */
		1A6332991D66F454007389FC /* Build configuration list for PBXProject "GeoFenceDemo" */ = {
			isa = XCConfigurationList;
			buildConfigurations = (
				1A6332AE1D66F454007389FC /* Debug */,
				1A6332AF1D66F454007389FC /* Release */,
			);
			defaultConfigurationIsVisible = 0;
			defaultConfigurationName = Release;
		};
		1A6332B01D66F454007389FC /* Build configuration list for PBXNativeTarget "GeoFenceDemo" */ = {
			isa = XCConfigurationList;
			buildConfigurations = (
				1A6332B11D66F454007389FC /* Debug */,
				1A6332B21D66F454007389FC /* Release */,
			);
			defaultConfigurationIsVisible = 0;
		};
/* End XCConfigurationList section */
	};
	rootObject = 1A6332961D66F454007389FC /* Project object */;
}
